
Microsoft Visual Studio Solution File, Format Version 12.00
# Visual Studio Version 17
VisualStudioVersion = 17.0.32014.148
MinimumVisualStudioVersion = 10.0.40219.1
Project("{FAE04EC0-301F-11D3-BF4B-00C04F79EFBC}") = "enum2", "enum2\enum2.csproj", "{AAC14BD3-4555-468E-A5CB-984E1A538C0C}"
EndProject
Global
	GlobalSection(SolutionConfigurationPlatforms) = preSolution
		Debug|Any CPU = Debug|Any CPU
		Release|Any CPU = Release|Any CPU
	EndGlobalSection
	GlobalSection(ProjectConfigurationPlatforms) = postSolution
		{AAC14BD3-4555-468E-A5CB-984E1A538C0C}.Debug|Any CPU.ActiveCfg = Debug|Any CPU
		{AAC14BD3-4555-468E-A5CB-984E1A538C0C}.Debug|Any CPU.Build.0 = Debug|Any CPU
		{AAC14BD3-4555-468E-A5CB-984E1A538C0C}.Release|Any CPU.ActiveCfg = Release|Any CPU
		{AAC14BD3-4555-468E-A5CB-984E1A538C0C}.Release|Any CPU.Build.0 = Release|Any CPU
	EndGlobalSection
	GlobalSection(SolutionProperties) = preSolution
		HideSolutionNode = FALSE
	EndGlobalSection
	GlobalSection(ExtensibilityGlobals) = postSolution
		SolutionGuid = {D93EB6F5-410B-40B6-BE22-8C3058096616}
	EndGlobalSection
EndGlobal
