
Microsoft Visual Studio Solution File, Format Version 12.00
# Visual Studio Version 17
VisualStudioVersion = 17.0.32014.148
MinimumVisualStudioVersion = 10.0.40219.1
Project("{FAE04EC0-301F-11D3-BF4B-00C04F79EFBC}") = "practicalexercises", "practicalexercises\practicalexercises.csproj", "{F1DE2F77-634C-472C-B307-39FA8E4894E3}"
EndProject
Global
	GlobalSection(SolutionConfigurationPlatforms) = preSolution
		Debug|Any CPU = Debug|Any CPU
		Release|Any CPU = Release|Any CPU
	EndGlobalSection
	GlobalSection(ProjectConfigurationPlatforms) = postSolution
		{F1DE2F77-634C-472C-B307-39FA8E4894E3}.Debug|Any CPU.ActiveCfg = Debug|Any CPU
		{F1DE2F77-634C-472C-B307-39FA8E4894E3}.Debug|Any CPU.Build.0 = Debug|Any CPU
		{F1DE2F77-634C-472C-B307-39FA8E4894E3}.Release|Any CPU.ActiveCfg = Release|Any CPU
		{F1DE2F77-634C-472C-B307-39FA8E4894E3}.Release|Any CPU.Build.0 = Release|Any CPU
	EndGlobalSection
	GlobalSection(SolutionProperties) = preSolution
		HideSolutionNode = FALSE
	EndGlobalSection
	GlobalSection(ExtensibilityGlobals) = postSolution
		SolutionGuid = {E799173D-9297-4B5E-A96A-30234A8F34FC}
	EndGlobalSection
EndGlobal
