
Microsoft Visual Studio Solution File, Format Version 12.00
# Visual Studio Version 17
VisualStudioVersion = 17.0.32014.148
MinimumVisualStudioVersion = 10.0.40219.1
Project("{FAE04EC0-301F-11D3-BF4B-00C04F79EFBC}") = "stringbuilder", "stringbuilder\stringbuilder.csproj", "{24FA2E38-7A76-4546-82B0-D6B8373CFCFE}"
EndProject
Global
	GlobalSection(SolutionConfigurationPlatforms) = preSolution
		Debug|Any CPU = Debug|Any CPU
		Release|Any CPU = Release|Any CPU
	EndGlobalSection
	GlobalSection(ProjectConfigurationPlatforms) = postSolution
		{24FA2E38-7A76-4546-82B0-D6B8373CFCFE}.Debug|Any CPU.ActiveCfg = Debug|Any CPU
		{24FA2E38-7A76-4546-82B0-D6B8373CFCFE}.Debug|Any CPU.Build.0 = Debug|Any CPU
		{24FA2E38-7A76-4546-82B0-D6B8373CFCFE}.Release|Any CPU.ActiveCfg = Release|Any CPU
		{24FA2E38-7A76-4546-82B0-D6B8373CFCFE}.Release|Any CPU.Build.0 = Release|Any CPU
	EndGlobalSection
	GlobalSection(SolutionProperties) = preSolution
		HideSolutionNode = FALSE
	EndGlobalSection
	GlobalSection(ExtensibilityGlobals) = postSolution
		SolutionGuid = {BDFEA63D-A49B-4F62-B97B-A5188DFE9FFB}
	EndGlobalSection
EndGlobal
