
Microsoft Visual Studio Solution File, Format Version 12.00
# Visual Studio Version 17
VisualStudioVersion = 17.0.32014.148
MinimumVisualStudioVersion = 10.0.40219.1
Project("{FAE04EC0-301F-11D3-BF4B-00C04F79EFBC}") = "npttrial", "npttrial\npttrial.csproj", "{8C327226-2715-4055-9D13-3D1F298174CB}"
EndProject
Global
	GlobalSection(SolutionConfigurationPlatforms) = preSolution
		Debug|Any CPU = Debug|Any CPU
		Release|Any CPU = Release|Any CPU
	EndGlobalSection
	GlobalSection(ProjectConfigurationPlatforms) = postSolution
		{8C327226-2715-4055-9D13-3D1F298174CB}.Debug|Any CPU.ActiveCfg = Debug|Any CPU
		{8C327226-2715-4055-9D13-3D1F298174CB}.Debug|Any CPU.Build.0 = Debug|Any CPU
		{8C327226-2715-4055-9D13-3D1F298174CB}.Release|Any CPU.ActiveCfg = Release|Any CPU
		{8C327226-2715-4055-9D13-3D1F298174CB}.Release|Any CPU.Build.0 = Release|Any CPU
	EndGlobalSection
	GlobalSection(SolutionProperties) = preSolution
		HideSolutionNode = FALSE
	EndGlobalSection
	GlobalSection(ExtensibilityGlobals) = postSolution
		SolutionGuid = {B03EA199-7A61-4399-8C29-52A3F8A5093F}
	EndGlobalSection
EndGlobal
