
Microsoft Visual Studio Solution File, Format Version 12.00
# Visual Studio Version 17
VisualStudioVersion = 17.0.32014.148
MinimumVisualStudioVersion = 10.0.40219.1
Project("{FAE04EC0-301F-11D3-BF4B-00C04F79EFBC}") = "mem", "mem\mem.csproj", "{B7B3E995-A122-412B-A354-1A7BA29836A7}"
EndProject
Global
	GlobalSection(SolutionConfigurationPlatforms) = preSolution
		Debug|Any CPU = Debug|Any CPU
		Release|Any CPU = Release|Any CPU
	EndGlobalSection
	GlobalSection(ProjectConfigurationPlatforms) = postSolution
		{B7B3E995-A122-412B-A354-1A7BA29836A7}.Debug|Any CPU.ActiveCfg = Debug|Any CPU
		{B7B3E995-A122-412B-A354-1A7BA29836A7}.Debug|Any CPU.Build.0 = Debug|Any CPU
		{B7B3E995-A122-412B-A354-1A7BA29836A7}.Release|Any CPU.ActiveCfg = Release|Any CPU
		{B7B3E995-A122-412B-A354-1A7BA29836A7}.Release|Any CPU.Build.0 = Release|Any CPU
	EndGlobalSection
	GlobalSection(SolutionProperties) = preSolution
		HideSolutionNode = FALSE
	EndGlobalSection
	GlobalSection(ExtensibilityGlobals) = postSolution
		SolutionGuid = {FB71C314-D8E5-4561-BB52-FDBECBD9D005}
	EndGlobalSection
EndGlobal
