
Microsoft Visual Studio Solution File, Format Version 12.00
# Visual Studio Version 17
VisualStudioVersion = 17.0.32014.148
MinimumVisualStudioVersion = 10.0.40219.1
Project("{FAE04EC0-301F-11D3-BF4B-00C04F79EFBC}") = "ArraysOne", "ArraysOne\ArraysOne.csproj", "{03EF5505-8B96-4423-B215-E6E6A7C7BF62}"
EndProject
Global
	GlobalSection(SolutionConfigurationPlatforms) = preSolution
		Debug|Any CPU = Debug|Any CPU
		Release|Any CPU = Release|Any CPU
	EndGlobalSection
	GlobalSection(ProjectConfigurationPlatforms) = postSolution
		{03EF5505-8B96-4423-B215-E6E6A7C7BF62}.Debug|Any CPU.ActiveCfg = Debug|Any CPU
		{03EF5505-8B96-4423-B215-E6E6A7C7BF62}.Debug|Any CPU.Build.0 = Debug|Any CPU
		{03EF5505-8B96-4423-B215-E6E6A7C7BF62}.Release|Any CPU.ActiveCfg = Release|Any CPU
		{03EF5505-8B96-4423-B215-E6E6A7C7BF62}.Release|Any CPU.Build.0 = Release|Any CPU
	EndGlobalSection
	GlobalSection(SolutionProperties) = preSolution
		HideSolutionNode = FALSE
	EndGlobalSection
	GlobalSection(ExtensibilityGlobals) = postSolution
		SolutionGuid = {03745973-FFD6-4B3D-AF50-B991CF5A5663}
	EndGlobalSection
EndGlobal
