
Microsoft Visual Studio Solution File, Format Version 12.00
# Visual Studio Version 17
VisualStudioVersion = 17.0.32014.148
MinimumVisualStudioVersion = 10.0.40219.1
Project("{FAE04EC0-301F-11D3-BF4B-00C04F79EFBC}") = "NonPrimTut", "NonPrimTut\NonPrimTut.csproj", "{1738AC4C-730F-40A2-BB99-BA0D0CDE5FDB}"
EndProject
Global
	GlobalSection(SolutionConfigurationPlatforms) = preSolution
		Debug|Any CPU = Debug|Any CPU
		Release|Any CPU = Release|Any CPU
	EndGlobalSection
	GlobalSection(ProjectConfigurationPlatforms) = postSolution
		{1738AC4C-730F-40A2-BB99-BA0D0CDE5FDB}.Debug|Any CPU.ActiveCfg = Debug|Any CPU
		{1738AC4C-730F-40A2-BB99-BA0D0CDE5FDB}.Debug|Any CPU.Build.0 = Debug|Any CPU
		{1738AC4C-730F-40A2-BB99-BA0D0CDE5FDB}.Release|Any CPU.ActiveCfg = Release|Any CPU
		{1738AC4C-730F-40A2-BB99-BA0D0CDE5FDB}.Release|Any CPU.Build.0 = Release|Any CPU
	EndGlobalSection
	GlobalSection(SolutionProperties) = preSolution
		HideSolutionNode = FALSE
	EndGlobalSection
	GlobalSection(ExtensibilityGlobals) = postSolution
		SolutionGuid = {928DC045-9DED-479B-9B19-BE109997977E}
	EndGlobalSection
EndGlobal
